
Microsoft Visual Studio Solution File, Format Version 12.00
# Visual Studio Version 16
VisualStudioVersion = 16.0.31402.337
MinimumVisualStudioVersion = 10.0.40219.1
Project("{F2A71F9B-5D33-465A-A702-920D77279786}") = "FSharp.Collections.Ordered", "FSharp.Collections.Ordered\FSharp.Collections.Ordered.fsproj", "{9C3EA46B-5D04-43DD-B3BF-537A235F3D5D}"
EndProject
Project("{F2A71F9B-5D33-465A-A702-920D77279786}") = "test", "test\test.fsproj", "{CF2CB9C6-5EE8-4ABF-BBB3-31C109CD6B63}"
EndProject
Global
	GlobalSection(SolutionConfigurationPlatforms) = preSolution
		Debug|Any CPU = Debug|Any CPU
		Release|Any CPU = Release|Any CPU
	EndGlobalSection
	GlobalSection(ProjectConfigurationPlatforms) = postSolution
		{9C3EA46B-5D04-43DD-B3BF-537A235F3D5D}.Debug|Any CPU.ActiveCfg = Debug|Any CPU
		{9C3EA46B-5D04-43DD-B3BF-537A235F3D5D}.Debug|Any CPU.Build.0 = Debug|Any CPU
		{9C3EA46B-5D04-43DD-B3BF-537A235F3D5D}.Release|Any CPU.ActiveCfg = Release|Any CPU
		{9C3EA46B-5D04-43DD-B3BF-537A235F3D5D}.Release|Any CPU.Build.0 = Release|Any CPU
		{CF2CB9C6-5EE8-4ABF-BBB3-31C109CD6B63}.Debug|Any CPU.ActiveCfg = Debug|Any CPU
		{CF2CB9C6-5EE8-4ABF-BBB3-31C109CD6B63}.Debug|Any CPU.Build.0 = Debug|Any CPU
		{CF2CB9C6-5EE8-4ABF-BBB3-31C109CD6B63}.Release|Any CPU.ActiveCfg = Release|Any CPU
		{CF2CB9C6-5EE8-4ABF-BBB3-31C109CD6B63}.Release|Any CPU.Build.0 = Release|Any CPU
	EndGlobalSection
	GlobalSection(SolutionProperties) = preSolution
		HideSolutionNode = FALSE
	EndGlobalSection
	GlobalSection(ExtensibilityGlobals) = postSolution
		SolutionGuid = {4E35E8BE-20DA-43B0-BBD9-4C8B87C98FD0}
	EndGlobalSection
EndGlobal
